{
  "name": "fromjs-test-cases",
  "version": "1.0.0",
  "lockfileVersion": 1,
  "requires": true,
  "dependencies": {
    "node-http-server": {
      "version": "8.1.2",
      "resolved": "https://registry.npmjs.org/node-http-server/-/node-http-server-8.1.2.tgz",
      "integrity": "sha512-MB55WSzmWuk3nH1umA56IuTFbXdPRP2uYTlqFRMlYxUolvW7+SRXbvazCaqlstzTK41OM5385P5GPTHLqoLY1g=="
    }
  }
}
